
Microsoft Visual Studio Solution File, Format Version 12.00
# Visual Studio Version 17
VisualStudioVersion = 17.2.32519.379
MinimumVisualStudioVersion = 10.0.40219.1
Project("{FAE04EC0-301F-11D3-BF4B-00C04F79EFBC}") = "dropbox13", "dropbox13\dropbox13.csproj", "{FCB5C17E-C27E-4B5C-9736-7316BBA85159}"
EndProject
Global
	GlobalSection(SolutionConfigurationPlatforms) = preSolution
		Debug|Any CPU = Debug|Any CPU
		Release|Any CPU = Release|Any CPU
	EndGlobalSection
	GlobalSection(ProjectConfigurationPlatforms) = postSolution
		{FCB5C17E-C27E-4B5C-9736-7316BBA85159}.Debug|Any CPU.ActiveCfg = Debug|Any CPU
		{FCB5C17E-C27E-4B5C-9736-7316BBA85159}.Debug|Any CPU.Build.0 = Debug|Any CPU
		{FCB5C17E-C27E-4B5C-9736-7316BBA85159}.Release|Any CPU.ActiveCfg = Release|Any CPU
		{FCB5C17E-C27E-4B5C-9736-7316BBA85159}.Release|Any CPU.Build.0 = Release|Any CPU
	EndGlobalSection
	GlobalSection(SolutionProperties) = preSolution
		HideSolutionNode = FALSE
	EndGlobalSection
	GlobalSection(ExtensibilityGlobals) = postSolution
		SolutionGuid = {95D1C911-1325-4746-B74E-2F22E6711862}
	EndGlobalSection
EndGlobal
